
Microsoft Visual Studio Solution File, Format Version 12.00
# Visual Studio Version 17
VisualStudioVersion = 17.14.36408.4
MinimumVisualStudioVersion = 10.0.40219.1
Project("{FAE04EC0-301F-11D3-BF4B-00C04F79EFBC}") = "TCpListener", "TCpListener\TCpListener.csproj", "{F6593B1B-0D68-8CFF-3D88-6C61DA99A150}"
EndProject
Project("{FAE04EC0-301F-11D3-BF4B-00C04F79EFBC}") = "TCpListener2", "TCpListener2\TCpListener2.csproj", "{19FE4909-8BC3-491E-9C28-F80CCA43C5E2}"
EndProject
Project("{FAE04EC0-301F-11D3-BF4B-00C04F79EFBC}") = "TCpListener3", "TCpListener3\TCpListener3.csproj", "{7FF4F2AC-E47D-4657-8D82-C251D6C369DA}"
EndProject
Project("{FAE04EC0-301F-11D3-BF4B-00C04F79EFBC}") = "Client", "Client\Client.csproj", "{98B7B347-684E-4147-8394-E5F071C5459C}"
EndProject
Project("{FAE04EC0-301F-11D3-BF4B-00C04F79EFBC}") = "FileUpload", "FileUpload\FileUpload.csproj", "{439EFB4B-E9FB-4835-97BD-16E1D9A2838B}"
EndProject
Project("{FAE04EC0-301F-11D3-BF4B-00C04F79EFBC}") = "FileUploadClient", "FileUploadClient\FileUploadClient.csproj", "{A20CF035-D978-492A-91FE-5E62A5CADF47}"
EndProject
Project("{FAE04EC0-301F-11D3-BF4B-00C04F79EFBC}") = "FileUpload2", "FileUpload2\FileUpload2.csproj", "{A99CA5EF-6219-4DA1-869A-894E3BE09221}"
EndProject
Project("{FAE04EC0-301F-11D3-BF4B-00C04F79EFBC}") = "FileUploadClient2", "FileUploadClient2\FileUploadClient2.csproj", "{D416FEAC-E244-4F19-95D4-F77C8A854479}"
EndProject
Project("{FAE04EC0-301F-11D3-BF4B-00C04F79EFBC}") = "FileUpload3", "FileUpload3\FileUpload3.csproj", "{51015CE6-3C12-4BAC-882A-6983B48D5B6C}"
EndProject
Project("{FAE04EC0-301F-11D3-BF4B-00C04F79EFBC}") = "TCPany", "TCPany\TCPany.csproj", "{57F1FEEB-1F64-415C-90E9-003C882A7C61}"
EndProject
Project("{FAE04EC0-301F-11D3-BF4B-00C04F79EFBC}") = "TcpAnyClient", "TcpAnyClient\TcpAnyClient.csproj", "{C60AD14D-C6C2-4224-AF1C-CBC6D54D08FE}"
EndProject
Project("{FAE04EC0-301F-11D3-BF4B-00C04F79EFBC}") = "TCPany2", "TCPany2\TCPany2.csproj", "{04055934-7C2B-47B2-B6F4-02A8AB99E35E}"
EndProject
Global
	GlobalSection(SolutionConfigurationPlatforms) = preSolution
		Debug|Any CPU = Debug|Any CPU
		Release|Any CPU = Release|Any CPU
	EndGlobalSection
	GlobalSection(ProjectConfigurationPlatforms) = postSolution
		{F6593B1B-0D68-8CFF-3D88-6C61DA99A150}.Debug|Any CPU.ActiveCfg = Debug|Any CPU
		{F6593B1B-0D68-8CFF-3D88-6C61DA99A150}.Debug|Any CPU.Build.0 = Debug|Any CPU
		{F6593B1B-0D68-8CFF-3D88-6C61DA99A150}.Release|Any CPU.ActiveCfg = Release|Any CPU
		{F6593B1B-0D68-8CFF-3D88-6C61DA99A150}.Release|Any CPU.Build.0 = Release|Any CPU
		{19FE4909-8BC3-491E-9C28-F80CCA43C5E2}.Debug|Any CPU.ActiveCfg = Debug|Any CPU
		{19FE4909-8BC3-491E-9C28-F80CCA43C5E2}.Debug|Any CPU.Build.0 = Debug|Any CPU
		{19FE4909-8BC3-491E-9C28-F80CCA43C5E2}.Release|Any CPU.ActiveCfg = Release|Any CPU
		{19FE4909-8BC3-491E-9C28-F80CCA43C5E2}.Release|Any CPU.Build.0 = Release|Any CPU
		{7FF4F2AC-E47D-4657-8D82-C251D6C369DA}.Debug|Any CPU.ActiveCfg = Debug|Any CPU
		{7FF4F2AC-E47D-4657-8D82-C251D6C369DA}.Debug|Any CPU.Build.0 = Debug|Any CPU
		{7FF4F2AC-E47D-4657-8D82-C251D6C369DA}.Release|Any CPU.ActiveCfg = Release|Any CPU
		{7FF4F2AC-E47D-4657-8D82-C251D6C369DA}.Release|Any CPU.Build.0 = Release|Any CPU
		{98B7B347-684E-4147-8394-E5F071C5459C}.Debug|Any CPU.ActiveCfg = Debug|Any CPU
		{98B7B347-684E-4147-8394-E5F071C5459C}.Debug|Any CPU.Build.0 = Debug|Any CPU
		{98B7B347-684E-4147-8394-E5F071C5459C}.Release|Any CPU.ActiveCfg = Release|Any CPU
		{98B7B347-684E-4147-8394-E5F071C5459C}.Release|Any CPU.Build.0 = Release|Any CPU
		{439EFB4B-E9FB-4835-97BD-16E1D9A2838B}.Debug|Any CPU.ActiveCfg = Debug|Any CPU
		{439EFB4B-E9FB-4835-97BD-16E1D9A2838B}.Debug|Any CPU.Build.0 = Debug|Any CPU
		{439EFB4B-E9FB-4835-97BD-16E1D9A2838B}.Release|Any CPU.ActiveCfg = Release|Any CPU
		{439EFB4B-E9FB-4835-97BD-16E1D9A2838B}.Release|Any CPU.Build.0 = Release|Any CPU
		{A20CF035-D978-492A-91FE-5E62A5CADF47}.Debug|Any CPU.ActiveCfg = Debug|Any CPU
		{A20CF035-D978-492A-91FE-5E62A5CADF47}.Debug|Any CPU.Build.0 = Debug|Any CPU
		{A20CF035-D978-492A-91FE-5E62A5CADF47}.Release|Any CPU.ActiveCfg = Release|Any CPU
		{A20CF035-D978-492A-91FE-5E62A5CADF47}.Release|Any CPU.Build.0 = Release|Any CPU
		{A99CA5EF-6219-4DA1-869A-894E3BE09221}.Debug|Any CPU.ActiveCfg = Debug|Any CPU
		{A99CA5EF-6219-4DA1-869A-894E3BE09221}.Debug|Any CPU.Build.0 = Debug|Any CPU
		{A99CA5EF-6219-4DA1-869A-894E3BE09221}.Release|Any CPU.ActiveCfg = Release|Any CPU
		{A99CA5EF-6219-4DA1-869A-894E3BE09221}.Release|Any CPU.Build.0 = Release|Any CPU
		{D416FEAC-E244-4F19-95D4-F77C8A854479}.Debug|Any CPU.ActiveCfg = Debug|Any CPU
		{D416FEAC-E244-4F19-95D4-F77C8A854479}.Debug|Any CPU.Build.0 = Debug|Any CPU
		{D416FEAC-E244-4F19-95D4-F77C8A854479}.Release|Any CPU.ActiveCfg = Release|Any CPU
		{D416FEAC-E244-4F19-95D4-F77C8A854479}.Release|Any CPU.Build.0 = Release|Any CPU
		{51015CE6-3C12-4BAC-882A-6983B48D5B6C}.Debug|Any CPU.ActiveCfg = Debug|Any CPU
		{51015CE6-3C12-4BAC-882A-6983B48D5B6C}.Debug|Any CPU.Build.0 = Debug|Any CPU
		{51015CE6-3C12-4BAC-882A-6983B48D5B6C}.Release|Any CPU.ActiveCfg = Release|Any CPU
		{51015CE6-3C12-4BAC-882A-6983B48D5B6C}.Release|Any CPU.Build.0 = Release|Any CPU
		{57F1FEEB-1F64-415C-90E9-003C882A7C61}.Debug|Any CPU.ActiveCfg = Debug|Any CPU
		{57F1FEEB-1F64-415C-90E9-003C882A7C61}.Debug|Any CPU.Build.0 = Debug|Any CPU
		{57F1FEEB-1F64-415C-90E9-003C882A7C61}.Release|Any CPU.ActiveCfg = Release|Any CPU
		{57F1FEEB-1F64-415C-90E9-003C882A7C61}.Release|Any CPU.Build.0 = Release|Any CPU
		{C60AD14D-C6C2-4224-AF1C-CBC6D54D08FE}.Debug|Any CPU.ActiveCfg = Debug|Any CPU
		{C60AD14D-C6C2-4224-AF1C-CBC6D54D08FE}.Debug|Any CPU.Build.0 = Debug|Any CPU
		{C60AD14D-C6C2-4224-AF1C-CBC6D54D08FE}.Release|Any CPU.ActiveCfg = Release|Any CPU
		{C60AD14D-C6C2-4224-AF1C-CBC6D54D08FE}.Release|Any CPU.Build.0 = Release|Any CPU
		{04055934-7C2B-47B2-B6F4-02A8AB99E35E}.Debug|Any CPU.ActiveCfg = Debug|Any CPU
		{04055934-7C2B-47B2-B6F4-02A8AB99E35E}.Debug|Any CPU.Build.0 = Debug|Any CPU
		{04055934-7C2B-47B2-B6F4-02A8AB99E35E}.Release|Any CPU.ActiveCfg = Release|Any CPU
		{04055934-7C2B-47B2-B6F4-02A8AB99E35E}.Release|Any CPU.Build.0 = Release|Any CPU
	EndGlobalSection
	GlobalSection(SolutionProperties) = preSolution
		HideSolutionNode = FALSE
	EndGlobalSection
	GlobalSection(ExtensibilityGlobals) = postSolution
		SolutionGuid = {4444FC41-CE0F-480D-B487-33E3BA079447}
	EndGlobalSection
EndGlobal
